
Microsoft Visual Studio Solution File, Format Version 12.00
Project("{FAE04EC0-301F-11D3-BF4B-00C04F79EFBC}") = "xNode", "xNode.csproj", "{F9804D43-12BF-4A05-8974-7294CD1F3DA4}"
EndProject
Global
	GlobalSection(SolutionConfigurationPlatforms) = preSolution
		Debug|Any CPU = Debug|Any CPU
		Release|Any CPU = Release|Any CPU
	EndGlobalSection
	GlobalSection(ProjectConfigurationPlatforms) = postSolution
		{F9804D43-12BF-4A05-8974-7294CD1F3DA4}.Debug|Any CPU.ActiveCfg = Debug|Any CPU
		{F9804D43-12BF-4A05-8974-7294CD1F3DA4}.Debug|Any CPU.Build.0 = Debug|Any CPU
		{F9804D43-12BF-4A05-8974-7294CD1F3DA4}.Release|Any CPU.ActiveCfg = Release|Any CPU
		{F9804D43-12BF-4A05-8974-7294CD1F3DA4}.Release|Any CPU.Build.0 = Release|Any CPU
	EndGlobalSection
EndGlobal
